
Microsoft Visual Studio Solution File, Format Version 12.00
# Visual Studio Version 17
VisualStudioVersion = 17.0.31903.59
MinimumVisualStudioVersion = 10.0.40219.1
Project("{2150E333-8FDC-42A3-9474-1A3956D46DE8}") = "src", "src", "{827E0CD3-B72D-47B6-A68D-7590B98EB39B}"
EndProject
Project("{FAE04EC0-301F-11D3-BF4B-00C04F79EFBC}") = "FileConverter.Core", "src\FileConverter.Core\FileConverter.Core.csproj", "{342B44AC-45FE-4C8D-8351-86C5CC3D19DA}"
EndProject
Project("{FAE04EC0-301F-11D3-BF4B-00C04F79EFBC}") = "FileConverter.Infrastructure", "src\FileConverter.Infrastructure\FileConverter.Infrastructure.csproj", "{78AC9266-BFD6-48EC-A525-A6C969157310}"
EndProject
Project("{FAE04EC0-301F-11D3-BF4B-00C04F79EFBC}") = "FileConverter", "src\FileConverter\FileConverter.csproj", "{2F9D3ACA-CEB5-4286-9C69-606237BE304D}"
EndProject
Global
	GlobalSection(SolutionConfigurationPlatforms) = preSolution
		Debug|Any CPU = Debug|Any CPU
		Debug|x64 = Debug|x64
		Debug|x86 = Debug|x86
		Release|Any CPU = Release|Any CPU
		Release|x64 = Release|x64
		Release|x86 = Release|x86
	EndGlobalSection
	GlobalSection(ProjectConfigurationPlatforms) = postSolution
		{342B44AC-45FE-4C8D-8351-86C5CC3D19DA}.Debug|Any CPU.ActiveCfg = Debug|Any CPU
		{342B44AC-45FE-4C8D-8351-86C5CC3D19DA}.Debug|Any CPU.Build.0 = Debug|Any CPU
		{342B44AC-45FE-4C8D-8351-86C5CC3D19DA}.Debug|x64.ActiveCfg = Debug|Any CPU
		{342B44AC-45FE-4C8D-8351-86C5CC3D19DA}.Debug|x64.Build.0 = Debug|Any CPU
		{342B44AC-45FE-4C8D-8351-86C5CC3D19DA}.Debug|x86.ActiveCfg = Debug|Any CPU
		{342B44AC-45FE-4C8D-8351-86C5CC3D19DA}.Debug|x86.Build.0 = Debug|Any CPU
		{342B44AC-45FE-4C8D-8351-86C5CC3D19DA}.Release|Any CPU.ActiveCfg = Release|Any CPU
		{342B44AC-45FE-4C8D-8351-86C5CC3D19DA}.Release|Any CPU.Build.0 = Release|Any CPU
		{342B44AC-45FE-4C8D-8351-86C5CC3D19DA}.Release|x64.ActiveCfg = Release|Any CPU
		{342B44AC-45FE-4C8D-8351-86C5CC3D19DA}.Release|x64.Build.0 = Release|Any CPU
		{342B44AC-45FE-4C8D-8351-86C5CC3D19DA}.Release|x86.ActiveCfg = Release|Any CPU
		{342B44AC-45FE-4C8D-8351-86C5CC3D19DA}.Release|x86.Build.0 = Release|Any CPU
		{78AC9266-BFD6-48EC-A525-A6C969157310}.Debug|Any CPU.ActiveCfg = Debug|Any CPU
		{78AC9266-BFD6-48EC-A525-A6C969157310}.Debug|Any CPU.Build.0 = Debug|Any CPU
		{78AC9266-BFD6-48EC-A525-A6C969157310}.Debug|x64.ActiveCfg = Debug|Any CPU
		{78AC9266-BFD6-48EC-A525-A6C969157310}.Debug|x64.Build.0 = Debug|Any CPU
		{78AC9266-BFD6-48EC-A525-A6C969157310}.Debug|x86.ActiveCfg = Debug|Any CPU
		{78AC9266-BFD6-48EC-A525-A6C969157310}.Debug|x86.Build.0 = Debug|Any CPU
		{78AC9266-BFD6-48EC-A525-A6C969157310}.Release|Any CPU.ActiveCfg = Release|Any CPU
		{78AC9266-BFD6-48EC-A525-A6C969157310}.Release|Any CPU.Build.0 = Release|Any CPU
		{78AC9266-BFD6-48EC-A525-A6C969157310}.Release|x64.ActiveCfg = Release|Any CPU
		{78AC9266-BFD6-48EC-A525-A6C969157310}.Release|x64.Build.0 = Release|Any CPU
		{78AC9266-BFD6-48EC-A525-A6C969157310}.Release|x86.ActiveCfg = Release|Any CPU
		{78AC9266-BFD6-48EC-A525-A6C969157310}.Release|x86.Build.0 = Release|Any CPU
		{2F9D3ACA-CEB5-4286-9C69-606237BE304D}.Debug|Any CPU.ActiveCfg = Debug|Any CPU
		{2F9D3ACA-CEB5-4286-9C69-606237BE304D}.Debug|Any CPU.Build.0 = Debug|Any CPU
		{2F9D3ACA-CEB5-4286-9C69-606237BE304D}.Debug|x64.ActiveCfg = Debug|Any CPU
		{2F9D3ACA-CEB5-4286-9C69-606237BE304D}.Debug|x64.Build.0 = Debug|Any CPU
		{2F9D3ACA-CEB5-4286-9C69-606237BE304D}.Debug|x86.ActiveCfg = Debug|Any CPU
		{2F9D3ACA-CEB5-4286-9C69-606237BE304D}.Debug|x86.Build.0 = Debug|Any CPU
		{2F9D3ACA-CEB5-4286-9C69-606237BE304D}.Release|Any CPU.ActiveCfg = Release|Any CPU
		{2F9D3ACA-CEB5-4286-9C69-606237BE304D}.Release|Any CPU.Build.0 = Release|Any CPU
		{2F9D3ACA-CEB5-4286-9C69-606237BE304D}.Release|x64.ActiveCfg = Release|Any CPU
		{2F9D3ACA-CEB5-4286-9C69-606237BE304D}.Release|x64.Build.0 = Release|Any CPU
		{2F9D3ACA-CEB5-4286-9C69-606237BE304D}.Release|x86.ActiveCfg = Release|Any CPU
		{2F9D3ACA-CEB5-4286-9C69-606237BE304D}.Release|x86.Build.0 = Release|Any CPU
	EndGlobalSection
	GlobalSection(SolutionProperties) = preSolution
		HideSolutionNode = FALSE
	EndGlobalSection
	GlobalSection(NestedProjects) = preSolution
		{342B44AC-45FE-4C8D-8351-86C5CC3D19DA} = {827E0CD3-B72D-47B6-A68D-7590B98EB39B}
		{78AC9266-BFD6-48EC-A525-A6C969157310} = {827E0CD3-B72D-47B6-A68D-7590B98EB39B}
		{2F9D3ACA-CEB5-4286-9C69-606237BE304D} = {827E0CD3-B72D-47B6-A68D-7590B98EB39B}
	EndGlobalSection
EndGlobal
